// !$*UTF8*$!
{
	archiveVersion = 1;
	classes = {
	};
	objectVersion = 77;
	objects = {

/* Begin PBXContainerItemProxy section */
		B47476C92DEC2A12008A6FB3 /* PBXContainerItemProxy */ = {
			isa = PBXContainerItemProxy;
			containerPortal = B47476B32DEC2A11008A6FB3 /* Project object */;
			proxyType = 1;
			remoteGlobalIDString = B47476BA2DEC2A11008A6FB3;
			remoteInfo = "CashFlow Finder";
		};
		B47476D32DEC2A12008A6FB3 /* PBXContainerItemProxy */ = {
			isa = PBXContainerItemProxy;
			containerPortal = B47476B32DEC2A11008A6FB3 /* Project object */;
			proxyType = 1;
			remoteGlobalIDString = B47476BA2DEC2A11008A6FB3;
			remoteInfo = "CashFlow Finder";
		};
/* End PBXContainerItemProxy section */

/* Begin PBXFileReference section */
		B47476BB2DEC2A11008A6FB3 /* CashFlow Finder.app */ = {isa = PBXFileReference; explicitFileType = wrapper.application; includeInIndex = 0; path = "CashFlow Finder.app"; sourceTree = BUILT_PRODUCTS_DIR; };
		B47476C82DEC2A12008A6FB3 /* CashFlow FinderTests.xctest */ = {isa = PBXFileReference; explicitFileType = wrapper.cfbundle; includeInIndex = 0; path = "CashFlow FinderTests.xctest"; sourceTree = BUILT_PRODUCTS_DIR; };
		B47476D22DEC2A12008A6FB3 /* CashFlow FinderUITests.xctest */ = {isa = PBXFileReference; explicitFileType = wrapper.cfbundle; includeInIndex = 0; path = "CashFlow FinderUITests.xctest"; sourceTree = BUILT_PRODUCTS_DIR; };
		B47477092DEC40BC008A6FB3 /* CashFlowFinderLibrary */ = {isa = PBXFileReference; lastKnownFileType = wrapper; path = CashFlowFinderLibrary; sourceTree = "<group>"; };
/* End PBXFileReference section */

/* Begin PBXFileSystemSynchronizedRootGroup section */
		B47476BD2DEC2A11008A6FB3 /* CashFlow Finder */ = {
			isa = PBXFileSystemSynchronizedRootGroup;
			path = "CashFlow Finder";
			sourceTree = "<group>";
		};
		B47476CB2DEC2A12008A6FB3 /* CashFlow FinderTests */ = {
			isa = PBXFileSystemSynchronizedRootGroup;
			path = "CashFlow FinderTests";
			sourceTree = "<group>";
		};
		B47476D52DEC2A12008A6FB3 /* CashFlow FinderUITests */ = {
			isa = PBXFileSystemSynchronizedRootGroup;
			path = "CashFlow FinderUITests";
			sourceTree = "<group>";
		};
/* End PBXFileSystemSynchronizedRootGroup section */

/* Begin PBXFrameworksBuildPhase section */
		B47476B82DEC2A11008A6FB3 /* Frameworks */ = {
			isa = PBXFrameworksBuildPhase;
			buildActionMask = 2147483647;
			files = (
			);
			runOnlyForDeploymentPostprocessing = 0;
		};
		B47476C52DEC2A12008A6FB3 /* Frameworks */ = {
			isa = PBXFrameworksBuildPhase;
			buildActionMask = 2147483647;
			files = (
			);
			runOnlyForDeploymentPostprocessing = 0;
		};
		B47476CF2DEC2A12008A6FB3 /* Frameworks */ = {
			isa = PBXFrameworksBuildPhase;
			buildActionMask = 2147483647;
			files = (
			);
			runOnlyForDeploymentPostprocessing = 0;
		};
/* End PBXFrameworksBuildPhase section */

/* Begin PBXGroup section */
		B47476B22DEC2A11008A6FB3 = {
			isa = PBXGroup;
			children = (
				B47477092DEC40BC008A6FB3 /* CashFlowFinderLibrary */,
				B47476BD2DEC2A11008A6FB3 /* CashFlow Finder */,
				B47476CB2DEC2A12008A6FB3 /* CashFlow FinderTests */,
				B47476D52DEC2A12008A6FB3 /* CashFlow FinderUITests */,
				B47476BC2DEC2A11008A6FB3 /* Products */,
			);
			sourceTree = "<group>";
		};
		B47476BC2DEC2A11008A6FB3 /* Products */ = {
			isa = PBXGroup;
			children = (
				B47476BB2DEC2A11008A6FB3 /* CashFlow Finder.app */,
				B47476C82DEC2A12008A6FB3 /* CashFlow FinderTests.xctest */,
				B47476D22DEC2A12008A6FB3 /* CashFlow FinderUITests.xctest */,
			);
			name = Products;
			sourceTree = "<group>";
		};
/* End PBXGroup section */

/* Begin PBXNativeTarget section */
		B47476BA2DEC2A11008A6FB3 /* CashFlow Finder */ = {
			isa = PBXNativeTarget;
			buildConfigurationList = B47476DC2DEC2A12008A6FB3 /* Build configuration list for PBXNativeTarget "CashFlow Finder" */;
			buildPhases = (
				B47476B72DEC2A11008A6FB3 /* Sources */,
				B47476B82DEC2A11008A6FB3 /* Frameworks */,
				B47476B92DEC2A11008A6FB3 /* Resources */,
			);
			buildRules = (
			);
			dependencies = (
			);
			fileSystemSynchronizedGroups = (
				B47476BD2DEC2A11008A6FB3 /* CashFlow Finder */,
			);
			name = "CashFlow Finder";
			packageProductDependencies = (
			);
			productName = "CashFlow Finder";
			productReference = B47476BB2DEC2A11008A6FB3 /* CashFlow Finder.app */;
			productType = "com.apple.product-type.application";
		};
		B47476C72DEC2A12008A6FB3 /* CashFlow FinderTests */ = {
			isa = PBXNativeTarget;
			buildConfigurationList = B47476DF2DEC2A12008A6FB3 /* Build configuration list for PBXNativeTarget "CashFlow FinderTests" */;
			buildPhases = (
				B47476C42DEC2A12008A6FB3 /* Sources */,
				B47476C52DEC2A12008A6FB3 /* Frameworks */,
				B47476C62DEC2A12008A6FB3 /* Resources */,
			);
			buildRules = (
			);
			dependencies = (
				B47476CA2DEC2A12008A6FB3 /* PBXTargetDependency */,
			);
			fileSystemSynchronizedGroups = (
				B47476CB2DEC2A12008A6FB3 /* CashFlow FinderTests */,
			);
			name = "CashFlow FinderTests";
			packageProductDependencies = (
			);
			productName = "CashFlow FinderTests";
			productReference = B47476C82DEC2A12008A6FB3 /* CashFlow FinderTests.xctest */;
			productType = "com.apple.product-type.bundle.unit-test";
		};
		B47476D12DEC2A12008A6FB3 /* CashFlow FinderUITests */ = {
			isa = PBXNativeTarget;
			buildConfigurationList = B47476E22DEC2A12008A6FB3 /* Build configuration list for PBXNativeTarget "CashFlow FinderUITests" */;
			buildPhases = (
				B47476CE2DEC2A12008A6FB3 /* Sources */,
				B47476CF2DEC2A12008A6FB3 /* Frameworks */,
				B47476D02DEC2A12008A6FB3 /* Resources */,
			);
			buildRules = (
			);
			dependencies = (
				B47476D42DEC2A12008A6FB3 /* PBXTargetDependency */,
			);
			fileSystemSynchronizedGroups = (
				B47476D52DEC2A12008A6FB3 /* CashFlow FinderUITests */,
			);
			name = "CashFlow FinderUITests";
			packageProductDependencies = (
			);
			productName = "CashFlow FinderUITests";
			productReference = B47476D22DEC2A12008A6FB3 /* CashFlow FinderUITests.xctest */;
			productType = "com.apple.product-type.bundle.ui-testing";
		};
/* End PBXNativeTarget section */

/* Begin PBXProject section */
		B47476B32DEC2A11008A6FB3 /* Project object */ = {
			isa = PBXProject;
			attributes = {
				BuildIndependentTargetsInParallel = 1;
				LastSwiftUpdateCheck = 1630;
				LastUpgradeCheck = 1630;
				TargetAttributes = {
					B47476BA2DEC2A11008A6FB3 = {
						CreatedOnToolsVersion = 16.3;
					};
					B47476C72DEC2A12008A6FB3 = {
						CreatedOnToolsVersion = 16.3;
						TestTargetID = B47476BA2DEC2A11008A6FB3;
					};
					B47476D12DEC2A12008A6FB3 = {
						CreatedOnToolsVersion = 16.3;
						TestTargetID = B47476BA2DEC2A11008A6FB3;
					};
				};
			};
			buildConfigurationList = B47476B62DEC2A11008A6FB3 /* Build configuration list for PBXProject "CashFlow Finder" */;
			developmentRegion = en;
			hasScannedForEncodings = 0;
			knownRegions = (
				en,
				Base,
			);
			mainGroup = B47476B22DEC2A11008A6FB3;
			minimizedProjectReferenceProxies = 1;
			preferredProjectObjectVersion = 77;
			productRefGroup = B47476BC2DEC2A11008A6FB3 /* Products */;
			projectDirPath = "";
			projectRoot = "";
			targets = (
				B47476BA2DEC2A11008A6FB3 /* CashFlow Finder */,
				B47476C72DEC2A12008A6FB3 /* CashFlow FinderTests */,
				B47476D12DEC2A12008A6FB3 /* CashFlow FinderUITests */,
			);
		};
/* End PBXProject section */

/* Begin PBXResourcesBuildPhase section */
		B47476B92DEC2A11008A6FB3 /* Resources */ = {
			isa = PBXResourcesBuildPhase;
			buildActionMask = 2147483647;
			files = (
			);
			runOnlyForDeploymentPostprocessing = 0;
		};
		B47476C62DEC2A12008A6FB3 /* Resources */ = {
			isa = PBXResourcesBuildPhase;
			buildActionMask = 2147483647;
			files = (
			);
			runOnlyForDeploymentPostprocessing = 0;
		};
		B47476D02DEC2A12008A6FB3 /* Resources */ = {
			isa = PBXResourcesBuildPhase;
			buildActionMask = 2147483647;
			files = (
			);
			runOnlyForDeploymentPostprocessing = 0;
		};
/* End PBXResourcesBuildPhase section */

/* Begin PBXSourcesBuildPhase section */
		B47476B72DEC2A11008A6FB3 /* Sources */ = {
			isa = PBXSourcesBuildPhase;
			buildActionMask = 2147483647;
			files = (
			);
			runOnlyForDeploymentPostprocessing = 0;
		};
		B47476C42DEC2A12008A6FB3 /* Sources */ = {
			isa = PBXSourcesBuildPhase;
			buildActionMask = 2147483647;
			files = (
			);
			runOnlyForDeploymentPostprocessing = 0;
		};
		B47476CE2DEC2A12008A6FB3 /* Sources */ = {
			isa = PBXSourcesBuildPhase;
			buildActionMask = 2147483647;
			files = (
			);
			runOnlyForDeploymentPostprocessing = 0;
		};
/* End PBXSourcesBuildPhase section */

/* Begin PBXTargetDependency section */
		B47476CA2DEC2A12008A6FB3 /* PBXTargetDependency */ = {
			isa = PBXTargetDependency;
			target = B47476BA2DEC2A11008A6FB3 /* CashFlow Finder */;
			targetProxy = B47476C92DEC2A12008A6FB3 /* PBXContainerItemProxy */;
		};
		B47476D42DEC2A12008A6FB3 /* PBXTargetDependency */ = {
			isa = PBXTargetDependency;
			target = B47476BA2DEC2A11008A6FB3 /* CashFlow Finder */;
			targetProxy = B47476D32DEC2A12008A6FB3 /* PBXContainerItemProxy */;
		};
/* End PBXTargetDependency section */

/* Begin XCBuildConfiguration section */
		B47476DA2DEC2A12008A6FB3 /* Debug */ = {
			isa = XCBuildConfiguration;
			buildSettings = {
				ALWAYS_SEARCH_USER_PATHS = NO;
				ASSETCATALOG_COMPILER_GENERATE_SWIFT_ASSET_SYMBOL_EXTENSIONS = YES;
				CLANG_ANALYZER_NONNULL = YES;
				CLANG_ANALYZER_NUMBER_OBJECT_CONVERSION = YES_AGGRESSIVE;
				CLANG_CXX_LANGUAGE_STANDARD = "gnu++20";
				CLANG_ENABLE_MODULES = YES;
				CLANG_ENABLE_OBJC_ARC = YES;
				CLANG_ENABLE_OBJC_WEAK = YES;
				CLANG_WARN_BLOCK_CAPTURE_AUTORELEASING = YES;
				CLANG_WARN_BOOL_CONVERSION = YES;
				CLANG_WARN_COMMA = YES;
				CLANG_WARN_CONSTANT_CONVERSION = YES;
				CLANG_WARN_DEPRECATED_OBJC_IMPLEMENTATIONS = YES;
				CLANG_WARN_DIRECT_OBJC_ISA_USAGE = YES_ERROR;
				CLANG_WARN_DOCUMENTATION_COMMENTS = YES;
				CLANG_WARN_EMPTY_BODY = YES;
				CLANG_WARN_ENUM_CONVERSION = YES;
				CLANG_WARN_INFINITE_RECURSION = YES;
				CLANG_WARN_INT_CONVERSION = YES;
				CLANG_WARN_NON_LITERAL_NULL_CONVERSION = YES;
				CLANG_WARN_OBJC_IMPLICIT_RETAIN_SELF = YES;
				CLANG_WARN_OBJC_LITERAL_CONVERSION = YES;
				CLANG_WARN_OBJC_ROOT_CLASS = YES_ERROR;
				CLANG_WARN_QUOTED_INCLUDE_IN_FRAMEWORK_HEADER = YES;
				CLANG_WARN_RANGE_LOOP_ANALYSIS = YES;
				CLANG_WARN_STRICT_PROTOTYPES = YES;
				CLANG_WARN_SUSPICIOUS_MOVE = YES;
				CLANG_WARN_UNGUARDED_AVAILABILITY = YES_AGGRESSIVE;
				CLANG_WARN_UNREACHABLE_CODE = YES;
				CLANG_WARN__DUPLICATE_METHOD_MATCH = YES;
				COPY_PHASE_STRIP = NO;
				DEBUG_INFORMATION_FORMAT = dwarf;
				DEVELOPMENT_TEAM = NH8ZL4WT7S;
				ENABLE_STRICT_OBJC_MSGSEND = YES;
				ENABLE_TESTABILITY = YES;
				ENABLE_USER_SCRIPT_SANDBOXING = YES;
				GCC_C_LANGUAGE_STANDARD = gnu17;
				GCC_DYNAMIC_NO_PIC = NO;
				GCC_NO_COMMON_BLOCKS = YES;
				GCC_OPTIMIZATION_LEVEL = 0;
				GCC_PREPROCESSOR_DEFINITIONS = (
					"DEBUG=1",
					"$(inherited)",
				);
				GCC_WARN_64_TO_32_BIT_CONVERSION = YES;
				GCC_WARN_ABOUT_RETURN_TYPE = YES_ERROR;
				GCC_WARN_UNDECLARED_SELECTOR = YES;
				GCC_WARN_UNINITIALIZED_AUTOS = YES_AGGRESSIVE;
				GCC_WARN_UNUSED_FUNCTION = YES;
				GCC_WARN_UNUSED_VARIABLE = YES;
				IPHONEOS_DEPLOYMENT_TARGET = 18.4;
				LOCALIZATION_PREFERS_STRING_CATALOGS = YES;
				MTL_ENABLE_DEBUG_INFO = INCLUDE_SOURCE;
				MTL_FAST_MATH = YES;
				ONLY_ACTIVE_ARCH = YES;
				SDKROOT = iphoneos;
				SWIFT_ACTIVE_COMPILATION_CONDITIONS = "DEBUG $(inherited)";
				SWIFT_OPTIMIZATION_LEVEL = "-Onone";
			};
			name = Debug;
		};
		B47476DB2DEC2A12008A6FB3 /* Release */ = {
			isa = XCBuildConfiguration;
			buildSettings = {
				ALWAYS_SEARCH_USER_PATHS = NO;
				ASSETCATALOG_COMPILER_GENERATE_SWIFT_ASSET_SYMBOL_EXTENSIONS = YES;
				CLANG_ANALYZER_NONNULL = YES;
				CLANG_ANALYZER_NUMBER_OBJECT_CONVERSION = YES_AGGRESSIVE;
				CLANG_CXX_LANGUAGE_STANDARD = "gnu++20";
				CLANG_ENABLE_MODULES = YES;
				CLANG_ENABLE_OBJC_ARC = YES;
				CLANG_ENABLE_OBJC_WEAK = YES;
				CLANG_WARN_BLOCK_CAPTURE_AUTORELEASING = YES;
				CLANG_WARN_BOOL_CONVERSION = YES;
				CLANG_WARN_COMMA = YES;
				CLANG_WARN_CONSTANT_CONVERSION = YES;
				CLANG_WARN_DEPRECATED_OBJC_IMPLEMENTATIONS = YES;
				CLANG_WARN_DIRECT_OBJC_ISA_USAGE = YES_ERROR;
				CLANG_WARN_DOCUMENTATION_COMMENTS = YES;
				CLANG_WARN_EMPTY_BODY = YES;
				CLANG_WARN_ENUM_CONVERSION = YES;
				CLANG_WARN_INFINITE_RECURSION = YES;
				CLANG_WARN_INT_CONVERSION = YES;
				CLANG_WARN_NON_LITERAL_NULL_CONVERSION = YES;
				CLANG_WARN_OBJC_IMPLICIT_RETAIN_SELF = YES;
				CLANG_WARN_OBJC_LITERAL_CONVERSION = YES;
				CLANG_WARN_OBJC_ROOT_CLASS = YES_ERROR;
				CLANG_WARN_QUOTED_INCLUDE_IN_FRAMEWORK_HEADER = YES;
				CLANG_WARN_RANGE_LOOP_ANALYSIS = YES;
				CLANG_WARN_STRICT_PROTOTYPES = YES;
				CLANG_WARN_SUSPICIOUS_MOVE = YES;
				CLANG_WARN_UNGUARDED_AVAILABILITY = YES_AGGRESSIVE;
				CLANG_WARN_UNREACHABLE_CODE = YES;
				CLANG_WARN__DUPLICATE_METHOD_MATCH = YES;
				COPY_PHASE_STRIP = NO;
				DEBUG_INFORMATION_FORMAT = "dwarf-with-dsym";
				DEVELOPMENT_TEAM = NH8ZL4WT7S;
				ENABLE_NS_ASSERTIONS = NO;
				ENABLE_STRICT_OBJC_MSGSEND = YES;
				ENABLE_USER_SCRIPT_SANDBOXING = YES;
				GCC_C_LANGUAGE_STANDARD = gnu17;
				GCC_NO_COMMON_BLOCKS = YES;
				GCC_WARN_64_TO_32_BIT_CONVERSION = YES;
				GCC_WARN_ABOUT_RETURN_TYPE = YES_ERROR;
				GCC_WARN_UNDECLARED_SELECTOR = YES;
				GCC_WARN_UNINITIALIZED_AUTOS = YES_AGGRESSIVE;
				GCC_WARN_UNUSED_FUNCTION = YES;
				GCC_WARN_UNUSED_VARIABLE = YES;
				IPHONEOS_DEPLOYMENT_TARGET = 18.4;
				LOCALIZATION_PREFERS_STRING_CATALOGS = YES;
				MTL_ENABLE_DEBUG_INFO = NO;
				MTL_FAST_MATH = YES;
				SDKROOT = iphoneos;
				SWIFT_COMPILATION_MODE = wholemodule;
				VALIDATE_PRODUCT = YES;
			};
			name = Release;
		};
		B47476DD2DEC2A12008A6FB3 /* Debug */ = {
			isa = XCBuildConfiguration;
			buildSettings = {
				ASSETCATALOG_COMPILER_APPICON_NAME = AppIcon;
				ASSETCATALOG_COMPILER_GLOBAL_ACCENT_COLOR_NAME = AccentColor;
				CODE_SIGN_STYLE = Automatic;
				CURRENT_PROJECT_VERSION = 1;
				DEVELOPMENT_TEAM = NH8ZL4WT7S;
				ENABLE_PREVIEWS = YES;
				GENERATE_INFOPLIST_FILE = YES;
				INFOPLIST_KEY_UIApplicationSceneManifest_Generation = YES;
				INFOPLIST_KEY_UIApplicationSupportsIndirectInputEvents = YES;
				INFOPLIST_KEY_UILaunchScreen_Generation = YES;
				INFOPLIST_KEY_UISupportedInterfaceOrientations_iPad = "UIInterfaceOrientationPortrait UIInterfaceOrientationPortraitUpsideDown UIInterfaceOrientationLandscapeLeft UIInterfaceOrientationLandscapeRight";
				INFOPLIST_KEY_UISupportedInterfaceOrientations_iPhone = "UIInterfaceOrientationPortrait UIInterfaceOrientationLandscapeLeft UIInterfaceOrientationLandscapeRight";
				IPHONEOS_DEPLOYMENT_TARGET = 15;
				LD_RUNPATH_SEARCH_PATHS = (
					"$(inherited)",
					"@executable_path/Frameworks",
				);
				MARKETING_VERSION = 1.0;
				PRODUCT_BUNDLE_IDENTIFIER = "com.personal.CashFlow-Finder";
				PRODUCT_NAME = "$(TARGET_NAME)";
				SWIFT_EMIT_LOC_STRINGS = YES;
				SWIFT_VERSION = 5.0;
				TARGETED_DEVICE_FAMILY = "1,2";
			};
			name = Debug;
		};
		B47476DE2DEC2A12008A6FB3 /* Release */ = {
			isa = XCBuildConfiguration;
			buildSettings = {
				ASSETCATALOG_COMPILER_APPICON_NAME = AppIcon;
				ASSETCATALOG_COMPILER_GLOBAL_ACCENT_COLOR_NAME = AccentColor;
				CODE_SIGN_STYLE = Automatic;
				CURRENT_PROJECT_VERSION = 1;
				DEVELOPMENT_TEAM = NH8ZL4WT7S;
				ENABLE_PREVIEWS = YES;
				GENERATE_INFOPLIST_FILE = YES;
				INFOPLIST_KEY_UIApplicationSceneManifest_Generation = YES;
				INFOPLIST_KEY_UIApplicationSupportsIndirectInputEvents = YES;
				INFOPLIST_KEY_UILaunchScreen_Generation = YES;
				INFOPLIST_KEY_UISupportedInterfaceOrientations_iPad = "UIInterfaceOrientationPortrait UIInterfaceOrientationPortraitUpsideDown UIInterfaceOrientationLandscapeLeft UIInterfaceOrientationLandscapeRight";
				INFOPLIST_KEY_UISupportedInterfaceOrientations_iPhone = "UIInterfaceOrientationPortrait UIInterfaceOrientationLandscapeLeft UIInterfaceOrientationLandscapeRight";
				IPHONEOS_DEPLOYMENT_TARGET = 15;
				LD_RUNPATH_SEARCH_PATHS = (
					"$(inherited)",
					"@executable_path/Frameworks",
				);
				MARKETING_VERSION = 1.0;
				PRODUCT_BUNDLE_IDENTIFIER = "com.personal.CashFlow-Finder";
				PRODUCT_NAME = "$(TARGET_NAME)";
				SWIFT_EMIT_LOC_STRINGS = YES;
				SWIFT_VERSION = 5.0;
				TARGETED_DEVICE_FAMILY = "1,2";
			};
			name = Release;
		};
		B47476E02DEC2A12008A6FB3 /* Debug */ = {
			isa = XCBuildConfiguration;
			buildSettings = {
				BUNDLE_LOADER = "$(TEST_HOST)";
				CODE_SIGN_STYLE = Automatic;
				CURRENT_PROJECT_VERSION = 1;
				DEVELOPMENT_TEAM = NH8ZL4WT7S;
				GENERATE_INFOPLIST_FILE = YES;
				IPHONEOS_DEPLOYMENT_TARGET = 18.4;
				MARKETING_VERSION = 1.0;
				PRODUCT_BUNDLE_IDENTIFIER = "com.personal.CashFlow-FinderTests";
				PRODUCT_NAME = "$(TARGET_NAME)";
				SWIFT_EMIT_LOC_STRINGS = NO;
				SWIFT_VERSION = 5.0;
				TARGETED_DEVICE_FAMILY = "1,2";
				TEST_HOST = "$(BUILT_PRODUCTS_DIR)/CashFlow Finder.app/$(BUNDLE_EXECUTABLE_FOLDER_PATH)/CashFlow Finder";
			};
			name = Debug;
		};
		B47476E12DEC2A12008A6FB3 /* Release */ = {
			isa = XCBuildConfiguration;
			buildSettings = {
				BUNDLE_LOADER = "$(TEST_HOST)";
				CODE_SIGN_STYLE = Automatic;
				CURRENT_PROJECT_VERSION = 1;
				DEVELOPMENT_TEAM = NH8ZL4WT7S;
				GENERATE_INFOPLIST_FILE = YES;
				IPHONEOS_DEPLOYMENT_TARGET = 18.4;
				MARKETING_VERSION = 1.0;
				PRODUCT_BUNDLE_IDENTIFIER = "com.personal.CashFlow-FinderTests";
				PRODUCT_NAME = "$(TARGET_NAME)";
				SWIFT_EMIT_LOC_STRINGS = NO;
				SWIFT_VERSION = 5.0;
				TARGETED_DEVICE_FAMILY = "1,2";
				TEST_HOST = "$(BUILT_PRODUCTS_DIR)/CashFlow Finder.app/$(BUNDLE_EXECUTABLE_FOLDER_PATH)/CashFlow Finder";
			};
			name = Release;
		};
		B47476E32DEC2A12008A6FB3 /* Debug */ = {
			isa = XCBuildConfiguration;
			buildSettings = {
				CODE_SIGN_STYLE = Automatic;
				CURRENT_PROJECT_VERSION = 1;
				DEVELOPMENT_TEAM = NH8ZL4WT7S;
				GENERATE_INFOPLIST_FILE = YES;
				MARKETING_VERSION = 1.0;
				PRODUCT_BUNDLE_IDENTIFIER = "com.personal.CashFlow-FinderUITests";
				PRODUCT_NAME = "$(TARGET_NAME)";
				SWIFT_EMIT_LOC_STRINGS = NO;
				SWIFT_VERSION = 5.0;
				TARGETED_DEVICE_FAMILY = "1,2";
				TEST_TARGET_NAME = "CashFlow Finder";
			};
			name = Debug;
		};
		B47476E42DEC2A12008A6FB3 /* Release */ = {
			isa = XCBuildConfiguration;
			buildSettings = {
				CODE_SIGN_STYLE = Automatic;
				CURRENT_PROJECT_VERSION = 1;
				DEVELOPMENT_TEAM = NH8ZL4WT7S;
				GENERATE_INFOPLIST_FILE = YES;
				MARKETING_VERSION = 1.0;
				PRODUCT_BUNDLE_IDENTIFIER = "com.personal.CashFlow-FinderUITests";
				PRODUCT_NAME = "$(TARGET_NAME)";
				SWIFT_EMIT_LOC_STRINGS = NO;
				SWIFT_VERSION = 5.0;
				TARGETED_DEVICE_FAMILY = "1,2";
				TEST_TARGET_NAME = "CashFlow Finder";
			};
			name = Release;
		};
/* End XCBuildConfiguration section */

/* Begin XCConfigurationList section */
		B47476B62DEC2A11008A6FB3 /* Build configuration list for PBXProject "CashFlow Finder" */ = {
			isa = XCConfigurationList;
			buildConfigurations = (
				B47476DA2DEC2A12008A6FB3 /* Debug */,
				B47476DB2DEC2A12008A6FB3 /* Release */,
			);
			defaultConfigurationIsVisible = 0;
			defaultConfigurationName = Release;
		};
		B47476DC2DEC2A12008A6FB3 /* Build configuration list for PBXNativeTarget "CashFlow Finder" */ = {
			isa = XCConfigurationList;
			buildConfigurations = (
				B47476DD2DEC2A12008A6FB3 /* Debug */,
				B47476DE2DEC2A12008A6FB3 /* Release */,
			);
			defaultConfigurationIsVisible = 0;
			defaultConfigurationName = Release;
		};
		B47476DF2DEC2A12008A6FB3 /* Build configuration list for PBXNativeTarget "CashFlow FinderTests" */ = {
			isa = XCConfigurationList;
			buildConfigurations = (
				B47476E02DEC2A12008A6FB3 /* Debug */,
				B47476E12DEC2A12008A6FB3 /* Release */,
			);
			defaultConfigurationIsVisible = 0;
			defaultConfigurationName = Release;
		};
		B47476E22DEC2A12008A6FB3 /* Build configuration list for PBXNativeTarget "CashFlow FinderUITests" */ = {
			isa = XCConfigurationList;
			buildConfigurations = (
				B47476E32DEC2A12008A6FB3 /* Debug */,
				B47476E42DEC2A12008A6FB3 /* Release */,
			);
			defaultConfigurationIsVisible = 0;
			defaultConfigurationName = Release;
		};
/* End XCConfigurationList section */
	};
	rootObject = B47476B32DEC2A11008A6FB3 /* Project object */;
}
